
Microsoft Visual Studio Solution File, Format Version 12.00
Project("{FAE04EC0-301F-11D3-BF4B-00C04F79EFBC}") = "BaseOrigin", "BaseOrigin\BaseOrigin.csproj", "{EDED2019-12D3-42AB-BBA1-805013866041}"
EndProject
Project("{FAE04EC0-301F-11D3-BF4B-00C04F79EFBC}") = "AnotherOrigin", "AnotherOrigin\AnotherOrigin.csproj", "{3D9E7EFB-D0F6-44BC-8EB8-B28294A013DE}"
EndProject
Global
	GlobalSection(SolutionConfigurationPlatforms) = preSolution
		Debug|Any CPU = Debug|Any CPU
		Release|Any CPU = Release|Any CPU
	EndGlobalSection
	GlobalSection(ProjectConfigurationPlatforms) = postSolution
		{EDED2019-12D3-42AB-BBA1-805013866041}.Debug|Any CPU.ActiveCfg = Debug|Any CPU
		{EDED2019-12D3-42AB-BBA1-805013866041}.Debug|Any CPU.Build.0 = Debug|Any CPU
		{EDED2019-12D3-42AB-BBA1-805013866041}.Release|Any CPU.ActiveCfg = Release|Any CPU
		{EDED2019-12D3-42AB-BBA1-805013866041}.Release|Any CPU.Build.0 = Release|Any CPU
		{3D9E7EFB-D0F6-44BC-8EB8-B28294A013DE}.Debug|Any CPU.ActiveCfg = Debug|Any CPU
		{3D9E7EFB-D0F6-44BC-8EB8-B28294A013DE}.Debug|Any CPU.Build.0 = Debug|Any CPU
		{3D9E7EFB-D0F6-44BC-8EB8-B28294A013DE}.Release|Any CPU.ActiveCfg = Release|Any CPU
		{3D9E7EFB-D0F6-44BC-8EB8-B28294A013DE}.Release|Any CPU.Build.0 = Release|Any CPU
	EndGlobalSection
EndGlobal
